
Microsoft Visual Studio Solution File, Format Version 12.00
# Visual Studio 15
VisualStudioVersion = 15.0.28307.329
MinimumVisualStudioVersion = 10.0.40219.1
Project("{FAE04EC0-301F-11D3-BF4B-00C04F79EFBC}") = "GOFDesignPatterns", "GOFDesignPatterns\GOFDesignPatterns.csproj", "{2EE9C386-C830-4FE5-96F6-9C1D3BADF885}"
EndProject
Project("{FAE04EC0-301F-11D3-BF4B-00C04F79EFBC}") = "GOFDesignPatters.Tests", "GOFDesignPatters.Tests\GOFDesignPatters.Tests.csproj", "{C6A276F4-4003-4844-AFD7-86A6C549CDC1}"
EndProject
Global
	GlobalSection(SolutionConfigurationPlatforms) = preSolution
		Debug|Any CPU = Debug|Any CPU
		Release|Any CPU = Release|Any CPU
	EndGlobalSection
	GlobalSection(ProjectConfigurationPlatforms) = postSolution
		{2EE9C386-C830-4FE5-96F6-9C1D3BADF885}.Debug|Any CPU.ActiveCfg = Debug|Any CPU
		{2EE9C386-C830-4FE5-96F6-9C1D3BADF885}.Debug|Any CPU.Build.0 = Debug|Any CPU
		{2EE9C386-C830-4FE5-96F6-9C1D3BADF885}.Release|Any CPU.ActiveCfg = Release|Any CPU
		{2EE9C386-C830-4FE5-96F6-9C1D3BADF885}.Release|Any CPU.Build.0 = Release|Any CPU
		{C6A276F4-4003-4844-AFD7-86A6C549CDC1}.Debug|Any CPU.ActiveCfg = Debug|Any CPU
		{C6A276F4-4003-4844-AFD7-86A6C549CDC1}.Debug|Any CPU.Build.0 = Debug|Any CPU
		{C6A276F4-4003-4844-AFD7-86A6C549CDC1}.Release|Any CPU.ActiveCfg = Release|Any CPU
		{C6A276F4-4003-4844-AFD7-86A6C549CDC1}.Release|Any CPU.Build.0 = Release|Any CPU
	EndGlobalSection
	GlobalSection(SolutionProperties) = preSolution
		HideSolutionNode = FALSE
	EndGlobalSection
	GlobalSection(ExtensibilityGlobals) = postSolution
		SolutionGuid = {DD827EE5-40FC-43A7-AECD-6106E89626C7}
	EndGlobalSection
EndGlobal
